
Microsoft Visual Studio Solution File, Format Version 12.00
# Visual Studio 15
VisualStudioVersion = 15.0.28307.106
MinimumVisualStudioVersion = 10.0.40219.1
Project("{2150E333-8FDC-42A3-9474-1A3956D46DE8}") = "Lib", "Lib", "{3A4E01B6-C4D8-42AD-A925-BA6026FAF0A2}"
EndProject
Project("{FAE04EC0-301F-11D3-BF4B-00C04F79EFBC}") = "Sluggy", "Sluggy\Sluggy.csproj", "{7C2D02E2-5477-4AAE-A982-C046E141F727}"
EndProject
Project("{FAE04EC0-301F-11D3-BF4B-00C04F79EFBC}") = "Sluggy.Tests", "Sluggy.Tests\Sluggy.Tests.csproj", "{38A15CAA-072A-455F-BB70-225368C92E53}"
EndProject
Global
	GlobalSection(SolutionConfigurationPlatforms) = preSolution
		Debug|Any CPU = Debug|Any CPU
		Release|Any CPU = Release|Any CPU
	EndGlobalSection
	GlobalSection(ProjectConfigurationPlatforms) = postSolution
		{7C2D02E2-5477-4AAE-A982-C046E141F727}.Debug|Any CPU.ActiveCfg = Debug|Any CPU
		{7C2D02E2-5477-4AAE-A982-C046E141F727}.Debug|Any CPU.Build.0 = Debug|Any CPU
		{7C2D02E2-5477-4AAE-A982-C046E141F727}.Release|Any CPU.ActiveCfg = Release|Any CPU
		{7C2D02E2-5477-4AAE-A982-C046E141F727}.Release|Any CPU.Build.0 = Release|Any CPU
		{38A15CAA-072A-455F-BB70-225368C92E53}.Debug|Any CPU.ActiveCfg = Debug|Any CPU
		{38A15CAA-072A-455F-BB70-225368C92E53}.Debug|Any CPU.Build.0 = Debug|Any CPU
		{38A15CAA-072A-455F-BB70-225368C92E53}.Release|Any CPU.ActiveCfg = Release|Any CPU
		{38A15CAA-072A-455F-BB70-225368C92E53}.Release|Any CPU.Build.0 = Release|Any CPU
	EndGlobalSection
	GlobalSection(SolutionProperties) = preSolution
		HideSolutionNode = FALSE
	EndGlobalSection
	GlobalSection(NestedProjects) = preSolution
		{7C2D02E2-5477-4AAE-A982-C046E141F727} = {3A4E01B6-C4D8-42AD-A925-BA6026FAF0A2}
		{38A15CAA-072A-455F-BB70-225368C92E53} = {3A4E01B6-C4D8-42AD-A925-BA6026FAF0A2}
	EndGlobalSection
	GlobalSection(ExtensibilityGlobals) = postSolution
		SolutionGuid = {3D3267B7-6F91-4768-93DA-3C5AD82D3D52}
	EndGlobalSection
EndGlobal
